
Microsoft Visual Studio Solution File, Format Version 12.00
# Visual Studio 14
VisualStudioVersion = 14.0.25123.0
MinimumVisualStudioVersion = 10.0.40219.1
Project("{FAE04EC0-301F-11D3-BF4B-00C04F79EFBC}") = "PV178.Homeworks.HW05", "PV178.Homeworks.HW05\PV178.Homeworks.HW05.csproj", "{6FA30008-BAB4-4141-A09C-099040363369}"
EndProject
Project("{FAE04EC0-301F-11D3-BF4B-00C04F79EFBC}") = "PV178.Homeworks.HW05.Tests", "PV178.Homeworks.HW05.Tests\PV178.Homeworks.HW05.Tests.csproj", "{56EB2659-0AF9-456C-881D-B85AF314601F}"
EndProject
Global
	GlobalSection(SolutionConfigurationPlatforms) = preSolution
		Debug|Any CPU = Debug|Any CPU
		Release|Any CPU = Release|Any CPU
	EndGlobalSection
	GlobalSection(ProjectConfigurationPlatforms) = postSolution
		{6FA30008-BAB4-4141-A09C-099040363369}.Debug|Any CPU.ActiveCfg = Debug|Any CPU
		{6FA30008-BAB4-4141-A09C-099040363369}.Debug|Any CPU.Build.0 = Debug|Any CPU
		{6FA30008-BAB4-4141-A09C-099040363369}.Release|Any CPU.ActiveCfg = Release|Any CPU
		{6FA30008-BAB4-4141-A09C-099040363369}.Release|Any CPU.Build.0 = Release|Any CPU
		{56EB2659-0AF9-456C-881D-B85AF314601F}.Debug|Any CPU.ActiveCfg = Debug|Any CPU
		{56EB2659-0AF9-456C-881D-B85AF314601F}.Debug|Any CPU.Build.0 = Debug|Any CPU
		{56EB2659-0AF9-456C-881D-B85AF314601F}.Release|Any CPU.ActiveCfg = Release|Any CPU
		{56EB2659-0AF9-456C-881D-B85AF314601F}.Release|Any CPU.Build.0 = Release|Any CPU
	EndGlobalSection
	GlobalSection(SolutionProperties) = preSolution
		HideSolutionNode = FALSE
	EndGlobalSection
EndGlobal
